<Solution>
  <Folder Name="/ScrubJay.Extensions/">
    <Project Path="ScrubJay.Extensions/src/ScrubJay.Extensions.csproj" />
  </Folder>
  <Folder Name="/ScrubJay.Functional/">
    <Project Path="ScrubJay.Functional/src/ScrubJay.Functional.csproj" />
    <Project Path="ScrubJay.Functional/tests/ScrubJay.Functional.Tests.csproj" />
  </Folder>
  <Folder Name="/ScrubJay.Interpolated/">
    <Project Path="ScrubJay.Interpolated/src/ScrubJay.Interpolated.csproj" />
    <Project Path="ScrubJay.Interpolated/tests/ScrubJay.Interpolated.Tests.csproj" />
  </Folder>
  <Folder Name="/ScrubJay.Testing/">
    <Project Path="ScrubJay.Testing/src/ScrubJay.Testing.csproj" />
  </Folder>
  <Folder Name="/ScrubJay.Universal/">
    <Project Path="ScrubJay.Universal/src/ScrubJay.Universal.csproj" />
    <Project Path="ScrubJay.Universal/tests/ScrubJay.Universal.Tests.csproj" />
  </Folder>
  <Project Path="ConsoleSandbox/ConsoleSandbox.csproj" />
</Solution>
