<Solution>
  <Folder Name="/Sandboxes/">
    <Project Path="ConsoleSandbox\ScrubJay.ConsoleSandbox.csproj" />
    <Project Path="StandaloneSandbox/StandaloneSandbox.csproj" />
  </Folder>
  <Folder Name="/ScrubJay.Core/">
    <Project Path="ScrubJay.Core/build_tasks/BuildTasks.csproj" />
    <Project Path="ScrubJay.Core/src/ScrubJay.Core.csproj" />
  </Folder>
  <Folder Name="/ScrubJay.Functional/">
    <Project Path="ScrubJay.Functional/asp/ScrubJay.Functional.Asp.csproj" />
    <Project Path="ScrubJay.Functional/json/ScrubJay.Functional.Json.csproj" />
    <Project Path="ScrubJay.Functional/src/ScrubJay.Functional.csproj" />
    <Project Path="ScrubJay.Functional/tests/ScrubJay.Functional.Tests.csproj" />
  </Folder>
  <Folder Name="/ScrubJay.Reflection/">
    <Project Path="ScrubJay.Reflection/benchmarks/ScrubJay.Reflection.Benchmarks.csproj" />
    <Project Path="ScrubJay.Reflection/src/ScrubJay.Reflection.csproj" />
    <Project Path="ScrubJay.Reflection/tests/ScrubJay.Reflection.Tests.csproj" />
  </Folder>
  <Folder Name="/ScrubJay.Text/">
    <Project Path="ScrubJay.Text\tests\ScrubJay.Text.Tests.csproj" />
  </Folder>
  <Folder Name="/ScrubJay.Universal/">
    <File Path="ScrubJay.Universal\README.md" />
    <Project Path="ScrubJay.Universal/src/ScrubJay.Universal.csproj" />
    <Project Path="ScrubJay.Universal/tests/ScrubJay.Universal.Tests.csproj" />
  </Folder>
</Solution>
