<Solution>
	<Configurations>
		<BuildType Name="Debug" />
		<BuildType Name="Analyze" />
		<BuildType Name="Release" />
		<BuildType Name="Nuget" />
	</Configurations>
	<Folder Name="/ScrubJay.Universal/">
		<File Path="ScrubJay.Universal/README.md" />
		<Project Path="ScrubJay.Universal/src/ScrubJay.Universal.csproj" />
		<Project Path="ScrubJay.Universal/tests/ScrubJay.Universal.Tests.csproj" />
	</Folder>
	<Folder Name="/ScrubJay.Functional/">
		<File Path="ScrubJay.Functional/README.md" />
		<Project Path="ScrubJay.Functional/asp/ScrubJay.Functional.Asp.csproj" />
		<Project Path="ScrubJay.Functional/json/ScrubJay.Functional.Json.csproj" />
		<Project Path="ScrubJay.Functional/core/ScrubJay.Functional.csproj" />
		<Project Path="ScrubJay.Functional/tests/ScrubJay.Functional.Tests.csproj" />
	</Folder>
	<Folder Name="/Docs/">
		<File Path="TypeExtensions.cs" />
		<File Path="TypeName.Tests.cs" />
		<File Path="TypeRenderer.cs" />
	</Folder>
	<Folder Name="/Sandboxes/">
		<Project Path="Sandboxes/Console/ScrubJay.Sandboxes.Console.csproj">
			<BuildType Solution="Analyze|*" Project="Debug" />
			<BuildType Solution="Nuget|*" Project="Debug" />
		</Project>
	</Folder>
</Solution>
